// !$*UTF8*$!
{
	archiveVersion = 1;
	classes = {
	};
	objectVersion = 46;
	objects = {

/* Begin PBXBuildFile section */
		024762A2D1EB32307E331925 /* opencl.c in Sources */ = {isa = PBXBuildFile; fileRef = 046F5A271E2F693B007901EB /* opencl.c */; };
		036405CB1DA67F6B77A48672 /* set.c in Sources */ = {isa = PBXBuildFile; fileRef = 046F5A461E2F693B007901EB /* set.c */; };
		05DF1122F43E617A125F6765 /* mc-c.c in Sources */ = {isa = PBXBuildFile; fileRef = 046F59DB1E2F693B007901EB /* mc-c.c */; };
		131F26D0B95FB20CDC27EA35 /* cpu.c in Sources */ = {isa = PBXBuildFile; fileRef = 046F59FE1E2F693B007901EB /* cpu.c */; };
		1F3B53B59CAEDD29B724285B /* rectangle.c in Sources */ = {isa = PBXBuildFile; fileRef = 046F5A431E2F693B007901EB /* rectangle.c */; };
		28702AF26A5804EFAC399ACB /* cabac.c in Sources */ = {isa = PBXBuildFile; fileRef = 046F59F81E2F693B007901EB /* cabac.c */; };
		3DFA80BDF7D387C7F84434C4 /* cavlc.c in Sources */ = {isa = PBXBuildFile; fileRef = 046F5A8F1E2F693C007901EB /* cavlc.c */; };
		42225C0C4FF7A2678DB69C21 /* lookahead.c in Sources */ = {isa = PBXBuildFile; fileRef = 046F5A931E2F693C007901EB /* lookahead.c */; };
		433140673E418A3F5838CF1F /* encoder.c in Sources */ = {isa = PBXBuildFile; fileRef = 046F5A911E2F693C007901EB /* encoder.c */; };
		57BB5D714CD3101820EE2AD4 /* asm-offsets.c in Sources */ = {isa = PBXBuildFile; fileRef = 046F59D21E2F693B007901EB /* asm-offsets.c */; };
		5B038709E1674F83624D6483 /* quant.c in Sources */ = {isa = PBXBuildFile; fileRef = 046F5A401E2F693B007901EB /* quant.c */; };
		6385B2BED5A84BC8A252E7C6 /* frame.c in Sources */ = {isa = PBXBuildFile; fileRef = 046F5A061E2F693B007901EB /* frame.c */; };
		639D51E48DA3F46ECC786E01 /* analyse.c in Sources */ = {isa = PBXBuildFile; fileRef = 046F5A8A1E2F693C007901EB /* analyse.c */; };
		64541870BA9119E006593183 /* pixel.c in Sources */ = {isa = PBXBuildFile; fileRef = 046F5A2D1E2F693B007901EB /* pixel.c */; };
		6E04878933A08CC951C0E154 /* macroblock.c in Sources */ = {isa = PBXBuildFile; fileRef = 046F5A091E2F693B007901EB /* macroblock.c */; };
		82732E89DB2EDC6F12375D20 /* osdep.c in Sources */ = {isa = PBXBuildFile; fileRef = 046F5A2A1E2F693B007901EB /* osdep.c */; };
		912F93B1F9DCE91BAFFD7F03 /* me.c in Sources */ = {isa = PBXBuildFile; fileRef = 046F5A981E2F693C007901EB /* me.c */; };
		91D329948E6CCE3FD3B2E26F /* deblock.c in Sources */ = {isa = PBXBuildFile; fileRef = 046F5A041E2F693B007901EB /* deblock.c */; };
		9217401A3D1C5AB2976751CA /* predict.c in Sources */ = {isa = PBXBuildFile; fileRef = 046F5A3D1E2F693B007901EB /* predict.c */; };
		94D620F10892832410285A0C /* ratecontrol.c in Sources */ = {isa = PBXBuildFile; fileRef = 046F5A9B1E2F693C007901EB /* ratecontrol.c */; };
		9D00572FB9DD1F9DDF6DCB6D /* mc.c in Sources */ = {isa = PBXBuildFile; fileRef = 046F5A0C1E2F693B007901EB /* mc.c */; };
		A328B3871872EA8EB07A5A31 /* common.c in Sources */ = {isa = PBXBuildFile; fileRef = 046F59FB1E2F693B007901EB /* common.c */; };
		AE5D8DA11DBA7C6D0092D2A8 /* main.m in Sources */ = {isa = PBXBuildFile; fileRef = AE5D8DA01DBA7C6D0092D2A8 /* main.m */; };
		AE5D8DA41DBA7C6D0092D2A8 /* AppDelegate.m in Sources */ = {isa = PBXBuildFile; fileRef = AE5D8DA31DBA7C6D0092D2A8 /* AppDelegate.m */; };
		AE5D8DA71DBA7C6D0092D2A8 /* ViewController.m in Sources */ = {isa = PBXBuildFile; fileRef = AE5D8DA61DBA7C6D0092D2A8 /* ViewController.m */; };
		AE5D8DAA1DBA7C6D0092D2A8 /* Main.storyboard in Resources */ = {isa = PBXBuildFile; fileRef = AE5D8DA81DBA7C6D0092D2A8 /* Main.storyboard */; };
		AE5D8DAC1DBA7C6D0092D2A8 /* Assets.xcassets in Resources */ = {isa = PBXBuildFile; fileRef = AE5D8DAB1DBA7C6D0092D2A8 /* Assets.xcassets */; };
		AE5D8DAF1DBA7C6D0092D2A8 /* LaunchScreen.storyboard in Resources */ = {isa = PBXBuildFile; fileRef = AE5D8DAD1DBA7C6D0092D2A8 /* LaunchScreen.storyboard */; };
		B494C7671BB093EF691230E4 /* mvpred.c in Sources */ = {isa = PBXBuildFile; fileRef = 046F5A1C1E2F693B007901EB /* mvpred.c */; };
		BA92CADFC59175B293ECCB15 /* slicetype-cl.c in Sources */ = {isa = PBXBuildFile; fileRef = 046F5AA21E2F693C007901EB /* slicetype-cl.c */; };
		C146AF75F461AF6B358C6051 /* bitstream.c in Sources */ = {isa = PBXBuildFile; fileRef = 046F59F51E2F693B007901EB /* bitstream.c */; };
		CAB0CACB1BF62FD9F4838316 /* predict-c.c in Sources */ = {isa = PBXBuildFile; fileRef = 046F59E01E2F693B007901EB /* predict-c.c */; };
		D45B5F2ADAF880BA6D9C14D8 /* vlc.c in Sources */ = {isa = PBXBuildFile; fileRef = 046F5A4C1E2F693B007901EB /* vlc.c */; };
		FACC8FC603DEC26A8FB07EF7 /* threadpool.c in Sources */ = {isa = PBXBuildFile; fileRef = 046F5A491E2F693B007901EB /* threadpool.c */; };
		FF595B7E841EC200878E6511 /* dct.c in Sources */ = {isa = PBXBuildFile; fileRef = 046F5A011E2F693B007901EB /* dct.c */; };
/* End PBXBuildFile section */

/* Begin PBXCopyFilesBuildPhase section */
		AE5D8DB81DBA7C860092D2A8 /* CopyFiles */ = {
			isa = PBXCopyFilesBuildPhase;
			buildActionMask = 2147483647;
			dstPath = "include/$(PRODUCT_NAME)";
			dstSubfolderSpec = 16;
			files = (
			);
			runOnlyForDeploymentPostprocessing = 0;
		};
/* End PBXCopyFilesBuildPhase section */

/* Begin PBXFileReference section */
		046F59CA1E2F6927007901EB /* x264.h */ = {isa = PBXFileReference; fileEncoding = 4; lastKnownFileType = sourcecode.c.h; path = x264.h; sourceTree = "<group>"; };
		046F59CB1E2F6927007901EB /* x264_config.h */ = {isa = PBXFileReference; fileEncoding = 4; lastKnownFileType = sourcecode.c.h; path = x264_config.h; sourceTree = "<group>"; };
		046F59D21E2F693B007901EB /* asm-offsets.c */ = {isa = PBXFileReference; lastKnownFileType = sourcecode.c.c; path = "asm-offsets.c"; sourceTree = "<group>"; };
		046F59D31E2F693B007901EB /* asm-offsets.h */ = {isa = PBXFileReference; lastKnownFileType = sourcecode.c.h; path = "asm-offsets.h"; sourceTree = "<group>"; };
		046F59D41E2F693B007901EB /* asm.S */ = {isa = PBXFileReference; lastKnownFileType = sourcecode.asm; path = asm.S; sourceTree = "<group>"; };
		046F59D51E2F693B007901EB /* bitstream-a.S */ = {isa = PBXFileReference; lastKnownFileType = sourcecode.asm; path = "bitstream-a.S"; sourceTree = "<group>"; };
		046F59D61E2F693B007901EB /* cabac-a.S */ = {isa = PBXFileReference; lastKnownFileType = sourcecode.asm; path = "cabac-a.S"; sourceTree = "<group>"; };
		046F59D71E2F693B007901EB /* dct-a.S */ = {isa = PBXFileReference; lastKnownFileType = sourcecode.asm; path = "dct-a.S"; sourceTree = "<group>"; };
		046F59D81E2F693B007901EB /* dct.h */ = {isa = PBXFileReference; lastKnownFileType = sourcecode.c.h; path = dct.h; sourceTree = "<group>"; };
		046F59D91E2F693B007901EB /* deblock-a.S */ = {isa = PBXFileReference; lastKnownFileType = sourcecode.asm; path = "deblock-a.S"; sourceTree = "<group>"; };
		046F59DA1E2F693B007901EB /* mc-a.S */ = {isa = PBXFileReference; lastKnownFileType = sourcecode.asm; path = "mc-a.S"; sourceTree = "<group>"; };
		046F59DB1E2F693B007901EB /* mc-c.c */ = {isa = PBXFileReference; lastKnownFileType = sourcecode.c.c; path = "mc-c.c"; sourceTree = "<group>"; };
		046F59DC1E2F693B007901EB /* mc.h */ = {isa = PBXFileReference; lastKnownFileType = sourcecode.c.h; path = mc.h; sourceTree = "<group>"; };
		046F59DD1E2F693B007901EB /* pixel-a.S */ = {isa = PBXFileReference; lastKnownFileType = sourcecode.asm; path = "pixel-a.S"; sourceTree = "<group>"; };
		046F59DE1E2F693B007901EB /* pixel.h */ = {isa = PBXFileReference; lastKnownFileType = sourcecode.c.h; path = pixel.h; sourceTree = "<group>"; };
		046F59DF1E2F693B007901EB /* predict-a.S */ = {isa = PBXFileReference; lastKnownFileType = sourcecode.asm; path = "predict-a.S"; sourceTree = "<group>"; };
		046F59E01E2F693B007901EB /* predict-c.c */ = {isa = PBXFileReference; lastKnownFileType = sourcecode.c.c; path = "predict-c.c"; sourceTree = "<group>"; };
		046F59E11E2F693B007901EB /* predict.h */ = {isa = PBXFileReference; lastKnownFileType = sourcecode.c.h; path = predict.h; sourceTree = "<group>"; };
		046F59E21E2F693B007901EB /* quant-a.S */ = {isa = PBXFileReference; lastKnownFileType = sourcecode.asm; path = "quant-a.S"; sourceTree = "<group>"; };
		046F59E31E2F693B007901EB /* quant.h */ = {isa = PBXFileReference; lastKnownFileType = sourcecode.c.h; path = quant.h; sourceTree = "<group>"; };
		046F59E51E2F693B007901EB /* asm.S */ = {isa = PBXFileReference; lastKnownFileType = sourcecode.asm; path = asm.S; sourceTree = "<group>"; };
		046F59E61E2F693B007901EB /* bitstream-a.S */ = {isa = PBXFileReference; lastKnownFileType = sourcecode.asm; path = "bitstream-a.S"; sourceTree = "<group>"; };
		046F59E71E2F693B007901EB /* cpu-a.S */ = {isa = PBXFileReference; lastKnownFileType = sourcecode.asm; path = "cpu-a.S"; sourceTree = "<group>"; };
		046F59E81E2F693B007901EB /* dct-a.S */ = {isa = PBXFileReference; lastKnownFileType = sourcecode.asm; path = "dct-a.S"; sourceTree = "<group>"; };
		046F59E91E2F693B007901EB /* dct.h */ = {isa = PBXFileReference; lastKnownFileType = sourcecode.c.h; path = dct.h; sourceTree = "<group>"; };
		046F59EA1E2F693B007901EB /* deblock-a.S */ = {isa = PBXFileReference; lastKnownFileType = sourcecode.asm; path = "deblock-a.S"; sourceTree = "<group>"; };
		046F59EB1E2F693B007901EB /* mc-a.S */ = {isa = PBXFileReference; lastKnownFileType = sourcecode.asm; path = "mc-a.S"; sourceTree = "<group>"; };
		046F59EC1E2F693B007901EB /* mc-c.c */ = {isa = PBXFileReference; lastKnownFileType = sourcecode.c.c; path = "mc-c.c"; sourceTree = "<group>"; };
		046F59ED1E2F693B007901EB /* mc.h */ = {isa = PBXFileReference; lastKnownFileType = sourcecode.c.h; path = mc.h; sourceTree = "<group>"; };
		046F59EE1E2F693B007901EB /* pixel-a.S */ = {isa = PBXFileReference; lastKnownFileType = sourcecode.asm; path = "pixel-a.S"; sourceTree = "<group>"; };
		046F59EF1E2F693B007901EB /* pixel.h */ = {isa = PBXFileReference; lastKnownFileType = sourcecode.c.h; path = pixel.h; sourceTree = "<group>"; };
		046F59F01E2F693B007901EB /* predict-a.S */ = {isa = PBXFileReference; lastKnownFileType = sourcecode.asm; path = "predict-a.S"; sourceTree = "<group>"; };
		046F59F11E2F693B007901EB /* predict-c.c */ = {isa = PBXFileReference; lastKnownFileType = sourcecode.c.c; path = "predict-c.c"; sourceTree = "<group>"; };
		046F59F21E2F693B007901EB /* predict.h */ = {isa = PBXFileReference; lastKnownFileType = sourcecode.c.h; path = predict.h; sourceTree = "<group>"; };
		046F59F31E2F693B007901EB /* quant-a.S */ = {isa = PBXFileReference; lastKnownFileType = sourcecode.asm; path = "quant-a.S"; sourceTree = "<group>"; };
		046F59F41E2F693B007901EB /* quant.h */ = {isa = PBXFileReference; lastKnownFileType = sourcecode.c.h; path = quant.h; sourceTree = "<group>"; };
		046F59F51E2F693B007901EB /* bitstream.c */ = {isa = PBXFileReference; lastKnownFileType = sourcecode.c.c; path = bitstream.c; sourceTree = "<group>"; };
		046F59F61E2F693B007901EB /* bitstream.h */ = {isa = PBXFileReference; lastKnownFileType = sourcecode.c.h; path = bitstream.h; sourceTree = "<group>"; };
		046F59F81E2F693B007901EB /* cabac.c */ = {isa = PBXFileReference; lastKnownFileType = sourcecode.c.c; path = cabac.c; sourceTree = "<group>"; };
		046F59F91E2F693B007901EB /* cabac.h */ = {isa = PBXFileReference; lastKnownFileType = sourcecode.c.h; path = cabac.h; sourceTree = "<group>"; };
		046F59FB1E2F693B007901EB /* common.c */ = {isa = PBXFileReference; lastKnownFileType = sourcecode.c.c; path = common.c; sourceTree = "<group>"; };
		046F59FC1E2F693B007901EB /* common.h */ = {isa = PBXFileReference; lastKnownFileType = sourcecode.c.h; path = common.h; sourceTree = "<group>"; };
		046F59FE1E2F693B007901EB /* cpu.c */ = {isa = PBXFileReference; lastKnownFileType = sourcecode.c.c; path = cpu.c; sourceTree = "<group>"; };
		046F59FF1E2F693B007901EB /* cpu.h */ = {isa = PBXFileReference; lastKnownFileType = sourcecode.c.h; path = cpu.h; sourceTree = "<group>"; };
		046F5A011E2F693B007901EB /* dct.c */ = {isa = PBXFileReference; lastKnownFileType = sourcecode.c.c; path = dct.c; sourceTree = "<group>"; };
		046F5A021E2F693B007901EB /* dct.h */ = {isa = PBXFileReference; lastKnownFileType = sourcecode.c.h; path = dct.h; sourceTree = "<group>"; };
		046F5A041E2F693B007901EB /* deblock.c */ = {isa = PBXFileReference; lastKnownFileType = sourcecode.c.c; path = deblock.c; sourceTree = "<group>"; };
		046F5A061E2F693B007901EB /* frame.c */ = {isa = PBXFileReference; lastKnownFileType = sourcecode.c.c; path = frame.c; sourceTree = "<group>"; };
		046F5A071E2F693B007901EB /* frame.h */ = {isa = PBXFileReference; lastKnownFileType = sourcecode.c.h; path = frame.h; sourceTree = "<group>"; };
		046F5A091E2F693B007901EB /* macroblock.c */ = {isa = PBXFileReference; lastKnownFileType = sourcecode.c.c; path = macroblock.c; sourceTree = "<group>"; };
		046F5A0A1E2F693B007901EB /* macroblock.h */ = {isa = PBXFileReference; lastKnownFileType = sourcecode.c.h; path = macroblock.h; sourceTree = "<group>"; };
		046F5A0C1E2F693B007901EB /* mc.c */ = {isa = PBXFileReference; lastKnownFileType = sourcecode.c.c; path = mc.c; sourceTree = "<group>"; };
		046F5A0D1E2F693B007901EB /* mc.h */ = {isa = PBXFileReference; lastKnownFileType = sourcecode.c.h; path = mc.h; sourceTree = "<group>"; };
		046F5A101E2F693B007901EB /* dct-c.c */ = {isa = PBXFileReference; lastKnownFileType = sourcecode.c.c; path = "dct-c.c"; sourceTree = "<group>"; };
		046F5A111E2F693B007901EB /* dct.h */ = {isa = PBXFileReference; lastKnownFileType = sourcecode.c.h; path = dct.h; sourceTree = "<group>"; };
		046F5A121E2F693B007901EB /* deblock-c.c */ = {isa = PBXFileReference; lastKnownFileType = sourcecode.c.c; path = "deblock-c.c"; sourceTree = "<group>"; };
		046F5A131E2F693B007901EB /* macros.h */ = {isa = PBXFileReference; lastKnownFileType = sourcecode.c.h; path = macros.h; sourceTree = "<group>"; };
		046F5A141E2F693B007901EB /* mc-c.c */ = {isa = PBXFileReference; lastKnownFileType = sourcecode.c.c; path = "mc-c.c"; sourceTree = "<group>"; };
		046F5A151E2F693B007901EB /* mc.h */ = {isa = PBXFileReference; lastKnownFileType = sourcecode.c.h; path = mc.h; sourceTree = "<group>"; };
		046F5A161E2F693B007901EB /* pixel-c.c */ = {isa = PBXFileReference; lastKnownFileType = sourcecode.c.c; path = "pixel-c.c"; sourceTree = "<group>"; };
		046F5A171E2F693B007901EB /* pixel.h */ = {isa = PBXFileReference; lastKnownFileType = sourcecode.c.h; path = pixel.h; sourceTree = "<group>"; };
		046F5A181E2F693B007901EB /* predict-c.c */ = {isa = PBXFileReference; lastKnownFileType = sourcecode.c.c; path = "predict-c.c"; sourceTree = "<group>"; };
		046F5A191E2F693B007901EB /* predict.h */ = {isa = PBXFileReference; lastKnownFileType = sourcecode.c.h; path = predict.h; sourceTree = "<group>"; };
		046F5A1A1E2F693B007901EB /* quant-c.c */ = {isa = PBXFileReference; lastKnownFileType = sourcecode.c.c; path = "quant-c.c"; sourceTree = "<group>"; };
		046F5A1B1E2F693B007901EB /* quant.h */ = {isa = PBXFileReference; lastKnownFileType = sourcecode.c.h; path = quant.h; sourceTree = "<group>"; };
		046F5A1C1E2F693B007901EB /* mvpred.c */ = {isa = PBXFileReference; lastKnownFileType = sourcecode.c.c; path = mvpred.c; sourceTree = "<group>"; };
		046F5A1E1E2F693B007901EB /* oclobj.h */ = {isa = PBXFileReference; lastKnownFileType = sourcecode.c.h; path = oclobj.h; sourceTree = "<group>"; };
		046F5A201E2F693B007901EB /* bidir.cl */ = {isa = PBXFileReference; lastKnownFileType = sourcecode.opencl; path = bidir.cl; sourceTree = "<group>"; };
		046F5A211E2F693B007901EB /* downscale.cl */ = {isa = PBXFileReference; lastKnownFileType = sourcecode.opencl; path = downscale.cl; sourceTree = "<group>"; };
		046F5A221E2F693B007901EB /* intra.cl */ = {isa = PBXFileReference; lastKnownFileType = sourcecode.opencl; path = intra.cl; sourceTree = "<group>"; };
		046F5A231E2F693B007901EB /* motionsearch.cl */ = {isa = PBXFileReference; lastKnownFileType = sourcecode.opencl; path = motionsearch.cl; sourceTree = "<group>"; };
		046F5A241E2F693B007901EB /* subpel.cl */ = {isa = PBXFileReference; lastKnownFileType = sourcecode.opencl; path = subpel.cl; sourceTree = "<group>"; };
		046F5A251E2F693B007901EB /* weightp.cl */ = {isa = PBXFileReference; lastKnownFileType = sourcecode.opencl; path = weightp.cl; sourceTree = "<group>"; };
		046F5A261E2F693B007901EB /* x264-cl.h */ = {isa = PBXFileReference; lastKnownFileType = sourcecode.c.h; path = "x264-cl.h"; sourceTree = "<group>"; };
		046F5A271E2F693B007901EB /* opencl.c */ = {isa = PBXFileReference; lastKnownFileType = sourcecode.c.c; path = opencl.c; sourceTree = "<group>"; };
		046F5A281E2F693B007901EB /* opencl.h */ = {isa = PBXFileReference; lastKnownFileType = sourcecode.c.h; path = opencl.h; sourceTree = "<group>"; };
		046F5A2A1E2F693B007901EB /* osdep.c */ = {isa = PBXFileReference; lastKnownFileType = sourcecode.c.c; path = osdep.c; sourceTree = "<group>"; };
		046F5A2B1E2F693B007901EB /* osdep.h */ = {isa = PBXFileReference; lastKnownFileType = sourcecode.c.h; path = osdep.h; sourceTree = "<group>"; };
		046F5A2D1E2F693B007901EB /* pixel.c */ = {isa = PBXFileReference; lastKnownFileType = sourcecode.c.c; path = pixel.c; sourceTree = "<group>"; };
		046F5A2E1E2F693B007901EB /* pixel.h */ = {isa = PBXFileReference; lastKnownFileType = sourcecode.c.h; path = pixel.h; sourceTree = "<group>"; };
		046F5A311E2F693B007901EB /* dct.c */ = {isa = PBXFileReference; lastKnownFileType = sourcecode.c.c; path = dct.c; sourceTree = "<group>"; };
		046F5A321E2F693B007901EB /* dct.h */ = {isa = PBXFileReference; lastKnownFileType = sourcecode.c.h; path = dct.h; sourceTree = "<group>"; };
		046F5A331E2F693B007901EB /* deblock.c */ = {isa = PBXFileReference; lastKnownFileType = sourcecode.c.c; path = deblock.c; sourceTree = "<group>"; };
		046F5A341E2F693B007901EB /* mc.c */ = {isa = PBXFileReference; lastKnownFileType = sourcecode.c.c; path = mc.c; sourceTree = "<group>"; };
		046F5A351E2F693B007901EB /* mc.h */ = {isa = PBXFileReference; lastKnownFileType = sourcecode.c.h; path = mc.h; sourceTree = "<group>"; };
		046F5A361E2F693B007901EB /* pixel.c */ = {isa = PBXFileReference; lastKnownFileType = sourcecode.c.c; path = pixel.c; sourceTree = "<group>"; };
		046F5A371E2F693B007901EB /* pixel.h */ = {isa = PBXFileReference; lastKnownFileType = sourcecode.c.h; path = pixel.h; sourceTree = "<group>"; };
		046F5A381E2F693B007901EB /* ppccommon.h */ = {isa = PBXFileReference; lastKnownFileType = sourcecode.c.h; path = ppccommon.h; sourceTree = "<group>"; };
		046F5A391E2F693B007901EB /* predict.c */ = {isa = PBXFileReference; lastKnownFileType = sourcecode.c.c; path = predict.c; sourceTree = "<group>"; };
		046F5A3A1E2F693B007901EB /* predict.h */ = {isa = PBXFileReference; lastKnownFileType = sourcecode.c.h; path = predict.h; sourceTree = "<group>"; };
		046F5A3B1E2F693B007901EB /* quant.c */ = {isa = PBXFileReference; lastKnownFileType = sourcecode.c.c; path = quant.c; sourceTree = "<group>"; };
		046F5A3C1E2F693B007901EB /* quant.h */ = {isa = PBXFileReference; lastKnownFileType = sourcecode.c.h; path = quant.h; sourceTree = "<group>"; };
		046F5A3D1E2F693B007901EB /* predict.c */ = {isa = PBXFileReference; lastKnownFileType = sourcecode.c.c; path = predict.c; sourceTree = "<group>"; };
		046F5A3E1E2F693B007901EB /* predict.h */ = {isa = PBXFileReference; lastKnownFileType = sourcecode.c.h; path = predict.h; sourceTree = "<group>"; };
		046F5A401E2F693B007901EB /* quant.c */ = {isa = PBXFileReference; lastKnownFileType = sourcecode.c.c; path = quant.c; sourceTree = "<group>"; };
		046F5A411E2F693B007901EB /* quant.h */ = {isa = PBXFileReference; lastKnownFileType = sourcecode.c.h; path = quant.h; sourceTree = "<group>"; };
		046F5A431E2F693B007901EB /* rectangle.c */ = {isa = PBXFileReference; lastKnownFileType = sourcecode.c.c; path = rectangle.c; sourceTree = "<group>"; };
		046F5A441E2F693B007901EB /* rectangle.h */ = {isa = PBXFileReference; lastKnownFileType = sourcecode.c.h; path = rectangle.h; sourceTree = "<group>"; };
		046F5A461E2F693B007901EB /* set.c */ = {isa = PBXFileReference; lastKnownFileType = sourcecode.c.c; path = set.c; sourceTree = "<group>"; };
		046F5A471E2F693B007901EB /* set.h */ = {isa = PBXFileReference; lastKnownFileType = sourcecode.c.h; path = set.h; sourceTree = "<group>"; };
		046F5A491E2F693B007901EB /* threadpool.c */ = {isa = PBXFileReference; lastKnownFileType = sourcecode.c.c; path = threadpool.c; sourceTree = "<group>"; };
		046F5A4A1E2F693B007901EB /* threadpool.h */ = {isa = PBXFileReference; lastKnownFileType = sourcecode.c.h; path = threadpool.h; sourceTree = "<group>"; };
		046F5A4C1E2F693B007901EB /* vlc.c */ = {isa = PBXFileReference; lastKnownFileType = sourcecode.c.c; path = vlc.c; sourceTree = "<group>"; };
		046F5A4E1E2F693B007901EB /* win32thread.c */ = {isa = PBXFileReference; lastKnownFileType = sourcecode.c.c; path = win32thread.c; sourceTree = "<group>"; };
		046F5A4F1E2F693C007901EB /* win32thread.h */ = {isa = PBXFileReference; lastKnownFileType = sourcecode.c.h; path = win32thread.h; sourceTree = "<group>"; };
		046F5A7D1E2F693C007901EB /* config.h */ = {isa = PBXFileReference; lastKnownFileType = sourcecode.c.h; path = config.h; sourceTree = "<group>"; };
		046F5A8A1E2F693C007901EB /* analyse.c */ = {isa = PBXFileReference; lastKnownFileType = sourcecode.c.c; path = analyse.c; sourceTree = "<group>"; };
		046F5A8B1E2F693C007901EB /* analyse.h */ = {isa = PBXFileReference; lastKnownFileType = sourcecode.c.h; path = analyse.h; sourceTree = "<group>"; };
		046F5A8D1E2F693C007901EB /* cabac.c */ = {isa = PBXFileReference; lastKnownFileType = sourcecode.c.c; path = cabac.c; sourceTree = "<group>"; };
		046F5A8F1E2F693C007901EB /* cavlc.c */ = {isa = PBXFileReference; lastKnownFileType = sourcecode.c.c; path = cavlc.c; sourceTree = "<group>"; };
		046F5A911E2F693C007901EB /* encoder.c */ = {isa = PBXFileReference; lastKnownFileType = sourcecode.c.c; path = encoder.c; sourceTree = "<group>"; };
		046F5A931E2F693C007901EB /* lookahead.c */ = {isa = PBXFileReference; lastKnownFileType = sourcecode.c.c; path = lookahead.c; sourceTree = "<group>"; };
		046F5A951E2F693C007901EB /* macroblock.c */ = {isa = PBXFileReference; lastKnownFileType = sourcecode.c.c; path = macroblock.c; sourceTree = "<group>"; };
		046F5A961E2F693C007901EB /* macroblock.h */ = {isa = PBXFileReference; lastKnownFileType = sourcecode.c.h; path = macroblock.h; sourceTree = "<group>"; };
		046F5A981E2F693C007901EB /* me.c */ = {isa = PBXFileReference; lastKnownFileType = sourcecode.c.c; path = me.c; sourceTree = "<group>"; };
		046F5A991E2F693C007901EB /* me.h */ = {isa = PBXFileReference; lastKnownFileType = sourcecode.c.h; path = me.h; sourceTree = "<group>"; };
		046F5A9B1E2F693C007901EB /* ratecontrol.c */ = {isa = PBXFileReference; lastKnownFileType = sourcecode.c.c; path = ratecontrol.c; sourceTree = "<group>"; };
		046F5A9C1E2F693C007901EB /* ratecontrol.h */ = {isa = PBXFileReference; lastKnownFileType = sourcecode.c.h; path = ratecontrol.h; sourceTree = "<group>"; };
		046F5A9E1E2F693C007901EB /* rdo.c */ = {isa = PBXFileReference; lastKnownFileType = sourcecode.c.c; path = rdo.c; sourceTree = "<group>"; };
		046F5A9F1E2F693C007901EB /* set.c */ = {isa = PBXFileReference; lastKnownFileType = sourcecode.c.c; path = set.c; sourceTree = "<group>"; };
		046F5AA01E2F693C007901EB /* set.h */ = {isa = PBXFileReference; lastKnownFileType = sourcecode.c.h; path = set.h; sourceTree = "<group>"; };
		046F5AA21E2F693C007901EB /* slicetype-cl.c */ = {isa = PBXFileReference; lastKnownFileType = sourcecode.c.c; path = "slicetype-cl.c"; sourceTree = "<group>"; };
		046F5AA41E2F693C007901EB /* slicetype.c */ = {isa = PBXFileReference; lastKnownFileType = sourcecode.c.c; path = slicetype.c; sourceTree = "<group>"; };
		046F5AA71E2F693C007901EB /* avisynth_c.h */ = {isa = PBXFileReference; lastKnownFileType = sourcecode.c.h; path = avisynth_c.h; sourceTree = "<group>"; };
		046F5AA81E2F693C007901EB /* avxsynth_c.h */ = {isa = PBXFileReference; lastKnownFileType = sourcecode.c.h; path = avxsynth_c.h; sourceTree = "<group>"; };
		046F5AA91E2F693C007901EB /* cl.h */ = {isa = PBXFileReference; lastKnownFileType = sourcecode.c.h; path = cl.h; sourceTree = "<group>"; };
		046F5AAA1E2F693C007901EB /* cl_platform.h */ = {isa = PBXFileReference; lastKnownFileType = sourcecode.c.h; path = cl_platform.h; sourceTree = "<group>"; };
		046F5AAB1E2F693C007901EB /* getopt.c */ = {isa = PBXFileReference; lastKnownFileType = sourcecode.c.c; path = getopt.c; sourceTree = "<group>"; };
		046F5AAC1E2F693C007901EB /* getopt.h */ = {isa = PBXFileReference; lastKnownFileType = sourcecode.c.h; path = getopt.h; sourceTree = "<group>"; };
		046F5AAD1E2F693C007901EB /* intel_dispatcher.h */ = {isa = PBXFileReference; lastKnownFileType = sourcecode.c.h; path = intel_dispatcher.h; sourceTree = "<group>"; };
		046F5AAE1E2F693C007901EB /* inttypes.h */ = {isa = PBXFileReference; lastKnownFileType = sourcecode.c.h; path = inttypes.h; sourceTree = "<group>"; };
		046F5AAF1E2F693C007901EB /* stdint.h */ = {isa = PBXFileReference; lastKnownFileType = sourcecode.c.h; path = stdint.h; sourceTree = "<group>"; };
		046F5AB11E2F693C007901EB /* filters.c */ = {isa = PBXFileReference; lastKnownFileType = sourcecode.c.c; path = filters.c; sourceTree = "<group>"; };
		046F5AB21E2F693C007901EB /* filters.h */ = {isa = PBXFileReference; lastKnownFileType = sourcecode.c.h; path = filters.h; sourceTree = "<group>"; };
		046F5AB51E2F693C007901EB /* cache.c */ = {isa = PBXFileReference; lastKnownFileType = sourcecode.c.c; path = cache.c; sourceTree = "<group>"; };
		046F5AB61E2F693C007901EB /* cache.o */ = {isa = PBXFileReference; lastKnownFileType = "compiled.mach-o.objfile"; path = cache.o; sourceTree = "<group>"; };
		046F5AB71E2F693C007901EB /* crop.c */ = {isa = PBXFileReference; lastKnownFileType = sourcecode.c.c; path = crop.c; sourceTree = "<group>"; };
		046F5AB81E2F693C007901EB /* crop.o */ = {isa = PBXFileReference; lastKnownFileType = "compiled.mach-o.objfile"; path = crop.o; sourceTree = "<group>"; };
		046F5AB91E2F693C007901EB /* depth.c */ = {isa = PBXFileReference; lastKnownFileType = sourcecode.c.c; path = depth.c; sourceTree = "<group>"; };
		046F5ABA1E2F693C007901EB /* depth.o */ = {isa = PBXFileReference; lastKnownFileType = "compiled.mach-o.objfile"; path = depth.o; sourceTree = "<group>"; };
		046F5ABB1E2F693C007901EB /* fix_vfr_pts.c */ = {isa = PBXFileReference; lastKnownFileType = sourcecode.c.c; path = fix_vfr_pts.c; sourceTree = "<group>"; };
		046F5ABC1E2F693C007901EB /* fix_vfr_pts.o */ = {isa = PBXFileReference; lastKnownFileType = "compiled.mach-o.objfile"; path = fix_vfr_pts.o; sourceTree = "<group>"; };
		046F5ABD1E2F693C007901EB /* internal.c */ = {isa = PBXFileReference; lastKnownFileType = sourcecode.c.c; path = internal.c; sourceTree = "<group>"; };
		046F5ABE1E2F693C007901EB /* internal.h */ = {isa = PBXFileReference; lastKnownFileType = sourcecode.c.h; path = internal.h; sourceTree = "<group>"; };
		046F5ABF1E2F693C007901EB /* internal.o */ = {isa = PBXFileReference; lastKnownFileType = "compiled.mach-o.objfile"; path = internal.o; sourceTree = "<group>"; };
		046F5AC01E2F693C007901EB /* resize.c */ = {isa = PBXFileReference; lastKnownFileType = sourcecode.c.c; path = resize.c; sourceTree = "<group>"; };
		046F5AC11E2F693C007901EB /* resize.o */ = {isa = PBXFileReference; lastKnownFileType = "compiled.mach-o.objfile"; path = resize.o; sourceTree = "<group>"; };
		046F5AC21E2F693C007901EB /* select_every.c */ = {isa = PBXFileReference; lastKnownFileType = sourcecode.c.c; path = select_every.c; sourceTree = "<group>"; };
		046F5AC31E2F693C007901EB /* select_every.o */ = {isa = PBXFileReference; lastKnownFileType = "compiled.mach-o.objfile"; path = select_every.o; sourceTree = "<group>"; };
		046F5AC41E2F693C007901EB /* source.c */ = {isa = PBXFileReference; lastKnownFileType = sourcecode.c.c; path = source.c; sourceTree = "<group>"; };
		046F5AC51E2F693C007901EB /* source.o */ = {isa = PBXFileReference; lastKnownFileType = "compiled.mach-o.objfile"; path = source.o; sourceTree = "<group>"; };
		046F5AC61E2F693C007901EB /* video.c */ = {isa = PBXFileReference; lastKnownFileType = sourcecode.c.c; path = video.c; sourceTree = "<group>"; };
		046F5AC71E2F693C007901EB /* video.h */ = {isa = PBXFileReference; lastKnownFileType = sourcecode.c.h; path = video.h; sourceTree = "<group>"; };
		046F5AC81E2F693C007901EB /* video.o */ = {isa = PBXFileReference; lastKnownFileType = "compiled.mach-o.objfile"; path = video.o; sourceTree = "<group>"; };
		046F5ACA1E2F693C007901EB /* avs.c */ = {isa = PBXFileReference; lastKnownFileType = sourcecode.c.c; path = avs.c; sourceTree = "<group>"; };
		046F5ACC1E2F693C007901EB /* ffms.c */ = {isa = PBXFileReference; lastKnownFileType = sourcecode.c.c; path = ffms.c; sourceTree = "<group>"; };
		046F5ACD1E2F693C007901EB /* input.c */ = {isa = PBXFileReference; lastKnownFileType = sourcecode.c.c; path = input.c; sourceTree = "<group>"; };
		046F5ACE1E2F693C007901EB /* input.h */ = {isa = PBXFileReference; lastKnownFileType = sourcecode.c.h; path = input.h; sourceTree = "<group>"; };
		046F5AD01E2F693C007901EB /* lavf.c */ = {isa = PBXFileReference; lastKnownFileType = sourcecode.c.c; path = lavf.c; sourceTree = "<group>"; };
		046F5AD11E2F693C007901EB /* raw.c */ = {isa = PBXFileReference; lastKnownFileType = sourcecode.c.c; path = raw.c; sourceTree = "<group>"; };
		046F5AD31E2F693C007901EB /* thread.c */ = {isa = PBXFileReference; lastKnownFileType = sourcecode.c.c; path = thread.c; sourceTree = "<group>"; };
		046F5AD51E2F693C007901EB /* timecode.c */ = {isa = PBXFileReference; lastKnownFileType = sourcecode.c.c; path = timecode.c; sourceTree = "<group>"; };
		046F5AD71E2F693C007901EB /* y4m.c */ = {isa = PBXFileReference; lastKnownFileType = sourcecode.c.c; path = y4m.c; sourceTree = "<group>"; };
		046F5ADC1E2F693C007901EB /* flv.c */ = {isa = PBXFileReference; lastKnownFileType = sourcecode.c.c; path = flv.c; sourceTree = "<group>"; };
		046F5ADE1E2F693C007901EB /* flv_bytestream.c */ = {isa = PBXFileReference; lastKnownFileType = sourcecode.c.c; path = flv_bytestream.c; sourceTree = "<group>"; };
		046F5ADF1E2F693C007901EB /* flv_bytestream.h */ = {isa = PBXFileReference; lastKnownFileType = sourcecode.c.h; path = flv_bytestream.h; sourceTree = "<group>"; };
		046F5AE11E2F693C007901EB /* matroska.c */ = {isa = PBXFileReference; lastKnownFileType = sourcecode.c.c; path = matroska.c; sourceTree = "<group>"; };
		046F5AE31E2F693C007901EB /* matroska_ebml.c */ = {isa = PBXFileReference; lastKnownFileType = sourcecode.c.c; path = matroska_ebml.c; sourceTree = "<group>"; };
		046F5AE41E2F693C007901EB /* matroska_ebml.h */ = {isa = PBXFileReference; lastKnownFileType = sourcecode.c.h; path = matroska_ebml.h; sourceTree = "<group>"; };
		046F5AE61E2F693C007901EB /* mp4.c */ = {isa = PBXFileReference; lastKnownFileType = sourcecode.c.c; path = mp4.c; sourceTree = "<group>"; };
		046F5AE71E2F693C007901EB /* mp4_lsmash.c */ = {isa = PBXFileReference; lastKnownFileType = sourcecode.c.c; path = mp4_lsmash.c; sourceTree = "<group>"; };
		046F5AE81E2F693C007901EB /* output.h */ = {isa = PBXFileReference; lastKnownFileType = sourcecode.c.h; path = output.h; sourceTree = "<group>"; };
		046F5AE91E2F693C007901EB /* raw.c */ = {isa = PBXFileReference; lastKnownFileType = sourcecode.c.c; path = raw.c; sourceTree = "<group>"; };
		046F5AEC1E2F693C007901EB /* checkasm-a.asm */ = {isa = PBXFileReference; lastKnownFileType = sourcecode.asm.asm; path = "checkasm-a.asm"; sourceTree = "<group>"; };
		046F5AED1E2F693C007901EB /* checkasm-aarch64.S */ = {isa = PBXFileReference; lastKnownFileType = sourcecode.asm; path = "checkasm-aarch64.S"; sourceTree = "<group>"; };
		046F5AEE1E2F693C007901EB /* checkasm-arm.S */ = {isa = PBXFileReference; lastKnownFileType = sourcecode.asm; path = "checkasm-arm.S"; sourceTree = "<group>"; };
		046F5AEF1E2F693C007901EB /* checkasm.c */ = {isa = PBXFileReference; lastKnownFileType = sourcecode.c.c; path = checkasm.c; sourceTree = "<group>"; };
		046F5AF01E2F693C007901EB /* cltostr.sh */ = {isa = PBXFileReference; lastKnownFileType = text.script.sh; path = cltostr.sh; sourceTree = "<group>"; };
		046F5AF11E2F693C007901EB /* countquant_x264.pl */ = {isa = PBXFileReference; lastKnownFileType = text.script.perl; path = countquant_x264.pl; sourceTree = "<group>"; };
		046F5AF31E2F693C007901EB /* __init__.py */ = {isa = PBXFileReference; lastKnownFileType = text.script.python; path = __init__.py; sourceTree = "<group>"; };
		046F5AF41E2F693C007901EB /* cli.py */ = {isa = PBXFileReference; lastKnownFileType = text.script.python; path = cli.py; sourceTree = "<group>"; };
		046F5AF51E2F693C007901EB /* comparers.py */ = {isa = PBXFileReference; lastKnownFileType = text.script.python; path = comparers.py; sourceTree = "<group>"; };
		046F5AF61E2F693C007901EB /* constants.py */ = {isa = PBXFileReference; lastKnownFileType = text.script.python; path = constants.py; sourceTree = "<group>"; };
		046F5AF71E2F693C007901EB /* errors.py */ = {isa = PBXFileReference; lastKnownFileType = text.script.python; path = errors.py; sourceTree = "<group>"; };
		046F5AF91E2F693C007901EB /* __init__.py */ = {isa = PBXFileReference; lastKnownFileType = text.script.python; path = __init__.py; sourceTree = "<group>"; };
		046F5AFA1E2F693C007901EB /* dummy.py */ = {isa = PBXFileReference; lastKnownFileType = text.script.python; path = dummy.py; sourceTree = "<group>"; };
		046F5AFB1E2F693C007901EB /* git.py */ = {isa = PBXFileReference; lastKnownFileType = text.script.python; path = git.py; sourceTree = "<group>"; };
		046F5AFC1E2F693C007901EB /* testing.py */ = {isa = PBXFileReference; lastKnownFileType = text.script.python; path = testing.py; sourceTree = "<group>"; };
		046F5AFD1E2F693C007901EB /* gas-preprocessor.pl */ = {isa = PBXFileReference; lastKnownFileType = text.script.perl; path = "gas-preprocessor.pl"; sourceTree = "<group>"; };
		046F5AFE1E2F693C007901EB /* msvsdepend.sh */ = {isa = PBXFileReference; lastKnownFileType = text.script.sh; path = msvsdepend.sh; sourceTree = "<group>"; };
		046F5B001E2F693C007901EB /* test_x264.py */ = {isa = PBXFileReference; lastKnownFileType = text.script.python; path = test_x264.py; sourceTree = "<group>"; };
		046F5B031E2F693C007901EB /* x264.c */ = {isa = PBXFileReference; lastKnownFileType = sourcecode.c.c; path = x264.c; sourceTree = "<group>"; };
		046F5B041E2F693C007901EB /* x264.h */ = {isa = PBXFileReference; lastKnownFileType = sourcecode.c.h; path = x264.h; sourceTree = "<group>"; };
		046F5B071E2F693C007901EB /* x264_config.h */ = {isa = PBXFileReference; lastKnownFileType = sourcecode.c.h; path = x264_config.h; sourceTree = "<group>"; };
		AE5D8D9C1DBA7C6D0092D2A8 /* X264_Build.app */ = {isa = PBXFileReference; explicitFileType = wrapper.application; includeInIndex = 0; path = X264_Build.app; sourceTree = BUILT_PRODUCTS_DIR; };
		AE5D8DA01DBA7C6D0092D2A8 /* main.m */ = {isa = PBXFileReference; lastKnownFileType = sourcecode.c.objc; path = main.m; sourceTree = "<group>"; };
		AE5D8DA21DBA7C6D0092D2A8 /* AppDelegate.h */ = {isa = PBXFileReference; lastKnownFileType = sourcecode.c.h; path = AppDelegate.h; sourceTree = "<group>"; };
		AE5D8DA31DBA7C6D0092D2A8 /* AppDelegate.m */ = {isa = PBXFileReference; lastKnownFileType = sourcecode.c.objc; path = AppDelegate.m; sourceTree = "<group>"; };
		AE5D8DA51DBA7C6D0092D2A8 /* ViewController.h */ = {isa = PBXFileReference; lastKnownFileType = sourcecode.c.h; path = ViewController.h; sourceTree = "<group>"; };
		AE5D8DA61DBA7C6D0092D2A8 /* ViewController.m */ = {isa = PBXFileReference; lastKnownFileType = sourcecode.c.objc; path = ViewController.m; sourceTree = "<group>"; };
		AE5D8DA91DBA7C6D0092D2A8 /* Base */ = {isa = PBXFileReference; lastKnownFileType = file.storyboard; name = Base; path = Base.lproj/Main.storyboard; sourceTree = "<group>"; };
		AE5D8DAB1DBA7C6D0092D2A8 /* Assets.xcassets */ = {isa = PBXFileReference; lastKnownFileType = folder.assetcatalog; path = Assets.xcassets; sourceTree = "<group>"; };
		AE5D8DAE1DBA7C6D0092D2A8 /* Base */ = {isa = PBXFileReference; lastKnownFileType = file.storyboard; name = Base; path = Base.lproj/LaunchScreen.storyboard; sourceTree = "<group>"; };
		AE5D8DB01DBA7C6D0092D2A8 /* Info.plist */ = {isa = PBXFileReference; lastKnownFileType = text.plist.xml; path = Info.plist; sourceTree = "<group>"; };
		AE5D8DBA1DBA7C860092D2A8 /* libx264.a */ = {isa = PBXFileReference; explicitFileType = archive.ar; includeInIndex = 0; path = libx264.a; sourceTree = BUILT_PRODUCTS_DIR; };
		AE5D8EBB1DBA7D720092D2A8 /* x264Config.xcconfig */ = {isa = PBXFileReference; lastKnownFileType = text.xcconfig; path = x264Config.xcconfig; sourceTree = SOURCE_ROOT; };
		AE5D8EBC1DBA7D720092D2A8 /* PraseFile.sh */ = {isa = PBXFileReference; lastKnownFileType = text.script.sh; path = PraseFile.sh; sourceTree = SOURCE_ROOT; };
		AE5D8EBD1DBA7D720092D2A8 /* PraseProduct.rb */ = {isa = PBXFileReference; lastKnownFileType = text.script.ruby; path = PraseProduct.rb; sourceTree = SOURCE_ROOT; };
		AE5D8EBE1DBA7D720092D2A8 /* staticFile.txt */ = {isa = PBXFileReference; lastKnownFileType = text; path = staticFile.txt; sourceTree = SOURCE_ROOT; };
/* End PBXFileReference section */

/* Begin PBXFrameworksBuildPhase section */
		AE5D8D991DBA7C6D0092D2A8 /* Frameworks */ = {
			isa = PBXFrameworksBuildPhase;
			buildActionMask = 2147483647;
			files = (
			);
			runOnlyForDeploymentPostprocessing = 0;
		};
		AE5D8DB71DBA7C860092D2A8 /* Frameworks */ = {
			isa = PBXFrameworksBuildPhase;
			buildActionMask = 2147483647;
			files = (
			);
			runOnlyForDeploymentPostprocessing = 0;
		};
/* End PBXFrameworksBuildPhase section */

/* Begin PBXGroup section */
		046F59C81E2F6927007901EB /* x264 */ = {
			isa = PBXGroup;
			children = (
				046F59CC1E2F693B007901EB /* x264 */,
				046F59C91E2F6927007901EB /* include */,
			);
			path = x264;
			sourceTree = "<group>";
		};
		046F59C91E2F6927007901EB /* include */ = {
			isa = PBXGroup;
			children = (
				046F59CA1E2F6927007901EB /* x264.h */,
				046F59CB1E2F6927007901EB /* x264_config.h */,
			);
			path = include;
			sourceTree = "<group>";
		};
		046F59CC1E2F693B007901EB /* x264 */ = {
			isa = PBXGroup;
			children = (
				046F59D01E2F693B007901EB /* common */,
				046F5A7D1E2F693C007901EB /* config.h */,
				046F5A891E2F693C007901EB /* encoder */,
				046F5AA61E2F693C007901EB /* extras */,
				046F5AB01E2F693C007901EB /* filters */,
				046F5AC91E2F693C007901EB /* input */,
				046F5ADB1E2F693C007901EB /* output */,
				046F5AEB1E2F693C007901EB /* tools */,
				046F5B031E2F693C007901EB /* x264.c */,
				046F5B041E2F693C007901EB /* x264.h */,
				046F5B071E2F693C007901EB /* x264_config.h */,
			);
			name = x264;
			path = X264_Build/x264;
			sourceTree = SOURCE_ROOT;
		};
		046F59D01E2F693B007901EB /* common */ = {
			isa = PBXGroup;
			children = (
				046F59D11E2F693B007901EB /* aarch64 */,
				046F59E41E2F693B007901EB /* arm */,
				046F59F51E2F693B007901EB /* bitstream.c */,
				046F59F61E2F693B007901EB /* bitstream.h */,
				046F59F81E2F693B007901EB /* cabac.c */,
				046F59F91E2F693B007901EB /* cabac.h */,
				046F59FB1E2F693B007901EB /* common.c */,
				046F59FC1E2F693B007901EB /* common.h */,
				046F59FE1E2F693B007901EB /* cpu.c */,
				046F59FF1E2F693B007901EB /* cpu.h */,
				046F5A011E2F693B007901EB /* dct.c */,
				046F5A021E2F693B007901EB /* dct.h */,
				046F5A041E2F693B007901EB /* deblock.c */,
				046F5A061E2F693B007901EB /* frame.c */,
				046F5A071E2F693B007901EB /* frame.h */,
				046F5A091E2F693B007901EB /* macroblock.c */,
				046F5A0A1E2F693B007901EB /* macroblock.h */,
				046F5A0C1E2F693B007901EB /* mc.c */,
				046F5A0D1E2F693B007901EB /* mc.h */,
				046F5A0F1E2F693B007901EB /* mips */,
				046F5A1C1E2F693B007901EB /* mvpred.c */,
				046F5A1E1E2F693B007901EB /* oclobj.h */,
				046F5A1F1E2F693B007901EB /* opencl */,
				046F5A271E2F693B007901EB /* opencl.c */,
				046F5A281E2F693B007901EB /* opencl.h */,
				046F5A2A1E2F693B007901EB /* osdep.c */,
				046F5A2B1E2F693B007901EB /* osdep.h */,
				046F5A2D1E2F693B007901EB /* pixel.c */,
				046F5A2E1E2F693B007901EB /* pixel.h */,
				046F5A301E2F693B007901EB /* ppc */,
				046F5A3D1E2F693B007901EB /* predict.c */,
				046F5A3E1E2F693B007901EB /* predict.h */,
				046F5A401E2F693B007901EB /* quant.c */,
				046F5A411E2F693B007901EB /* quant.h */,
				046F5A431E2F693B007901EB /* rectangle.c */,
				046F5A441E2F693B007901EB /* rectangle.h */,
				046F5A461E2F693B007901EB /* set.c */,
				046F5A471E2F693B007901EB /* set.h */,
				046F5A491E2F693B007901EB /* threadpool.c */,
				046F5A4A1E2F693B007901EB /* threadpool.h */,
				046F5A4C1E2F693B007901EB /* vlc.c */,
				046F5A4E1E2F693B007901EB /* win32thread.c */,
				046F5A4F1E2F693C007901EB /* win32thread.h */,
			);
			path = common;
			sourceTree = "<group>";
		};
		046F59D11E2F693B007901EB /* aarch64 */ = {
			isa = PBXGroup;
			children = (
				046F59D21E2F693B007901EB /* asm-offsets.c */,
				046F59D31E2F693B007901EB /* asm-offsets.h */,
				046F59D41E2F693B007901EB /* asm.S */,
				046F59D51E2F693B007901EB /* bitstream-a.S */,
				046F59D61E2F693B007901EB /* cabac-a.S */,
				046F59D71E2F693B007901EB /* dct-a.S */,
				046F59D81E2F693B007901EB /* dct.h */,
				046F59D91E2F693B007901EB /* deblock-a.S */,
				046F59DA1E2F693B007901EB /* mc-a.S */,
				046F59DB1E2F693B007901EB /* mc-c.c */,
				046F59DC1E2F693B007901EB /* mc.h */,
				046F59DD1E2F693B007901EB /* pixel-a.S */,
				046F59DE1E2F693B007901EB /* pixel.h */,
				046F59DF1E2F693B007901EB /* predict-a.S */,
				046F59E01E2F693B007901EB /* predict-c.c */,
				046F59E11E2F693B007901EB /* predict.h */,
				046F59E21E2F693B007901EB /* quant-a.S */,
				046F59E31E2F693B007901EB /* quant.h */,
			);
			path = aarch64;
			sourceTree = "<group>";
		};
		046F59E41E2F693B007901EB /* arm */ = {
			isa = PBXGroup;
			children = (
				046F59E51E2F693B007901EB /* asm.S */,
				046F59E61E2F693B007901EB /* bitstream-a.S */,
				046F59E71E2F693B007901EB /* cpu-a.S */,
				046F59E81E2F693B007901EB /* dct-a.S */,
				046F59E91E2F693B007901EB /* dct.h */,
				046F59EA1E2F693B007901EB /* deblock-a.S */,
				046F59EB1E2F693B007901EB /* mc-a.S */,
				046F59EC1E2F693B007901EB /* mc-c.c */,
				046F59ED1E2F693B007901EB /* mc.h */,
				046F59EE1E2F693B007901EB /* pixel-a.S */,
				046F59EF1E2F693B007901EB /* pixel.h */,
				046F59F01E2F693B007901EB /* predict-a.S */,
				046F59F11E2F693B007901EB /* predict-c.c */,
				046F59F21E2F693B007901EB /* predict.h */,
				046F59F31E2F693B007901EB /* quant-a.S */,
				046F59F41E2F693B007901EB /* quant.h */,
			);
			path = arm;
			sourceTree = "<group>";
		};
		046F5A0F1E2F693B007901EB /* mips */ = {
			isa = PBXGroup;
			children = (
				046F5A101E2F693B007901EB /* dct-c.c */,
				046F5A111E2F693B007901EB /* dct.h */,
				046F5A121E2F693B007901EB /* deblock-c.c */,
				046F5A131E2F693B007901EB /* macros.h */,
				046F5A141E2F693B007901EB /* mc-c.c */,
				046F5A151E2F693B007901EB /* mc.h */,
				046F5A161E2F693B007901EB /* pixel-c.c */,
				046F5A171E2F693B007901EB /* pixel.h */,
				046F5A181E2F693B007901EB /* predict-c.c */,
				046F5A191E2F693B007901EB /* predict.h */,
				046F5A1A1E2F693B007901EB /* quant-c.c */,
				046F5A1B1E2F693B007901EB /* quant.h */,
			);
			path = mips;
			sourceTree = "<group>";
		};
		046F5A1F1E2F693B007901EB /* opencl */ = {
			isa = PBXGroup;
			children = (
				046F5A201E2F693B007901EB /* bidir.cl */,
				046F5A211E2F693B007901EB /* downscale.cl */,
				046F5A221E2F693B007901EB /* intra.cl */,
				046F5A231E2F693B007901EB /* motionsearch.cl */,
				046F5A241E2F693B007901EB /* subpel.cl */,
				046F5A251E2F693B007901EB /* weightp.cl */,
				046F5A261E2F693B007901EB /* x264-cl.h */,
			);
			path = opencl;
			sourceTree = "<group>";
		};
		046F5A301E2F693B007901EB /* ppc */ = {
			isa = PBXGroup;
			children = (
				046F5A311E2F693B007901EB /* dct.c */,
				046F5A321E2F693B007901EB /* dct.h */,
				046F5A331E2F693B007901EB /* deblock.c */,
				046F5A341E2F693B007901EB /* mc.c */,
				046F5A351E2F693B007901EB /* mc.h */,
				046F5A361E2F693B007901EB /* pixel.c */,
				046F5A371E2F693B007901EB /* pixel.h */,
				046F5A381E2F693B007901EB /* ppccommon.h */,
				046F5A391E2F693B007901EB /* predict.c */,
				046F5A3A1E2F693B007901EB /* predict.h */,
				046F5A3B1E2F693B007901EB /* quant.c */,
				046F5A3C1E2F693B007901EB /* quant.h */,
			);
			path = ppc;
			sourceTree = "<group>";
		};
		046F5A891E2F693C007901EB /* encoder */ = {
			isa = PBXGroup;
			children = (
				046F5A8A1E2F693C007901EB /* analyse.c */,
				046F5A8B1E2F693C007901EB /* analyse.h */,
				046F5A8D1E2F693C007901EB /* cabac.c */,
				046F5A8F1E2F693C007901EB /* cavlc.c */,
				046F5A911E2F693C007901EB /* encoder.c */,
				046F5A931E2F693C007901EB /* lookahead.c */,
				046F5A951E2F693C007901EB /* macroblock.c */,
				046F5A961E2F693C007901EB /* macroblock.h */,
				046F5A981E2F693C007901EB /* me.c */,
				046F5A991E2F693C007901EB /* me.h */,
				046F5A9B1E2F693C007901EB /* ratecontrol.c */,
				046F5A9C1E2F693C007901EB /* ratecontrol.h */,
				046F5A9E1E2F693C007901EB /* rdo.c */,
				046F5A9F1E2F693C007901EB /* set.c */,
				046F5AA01E2F693C007901EB /* set.h */,
				046F5AA21E2F693C007901EB /* slicetype-cl.c */,
				046F5AA41E2F693C007901EB /* slicetype.c */,
			);
			path = encoder;
			sourceTree = "<group>";
		};
		046F5AA61E2F693C007901EB /* extras */ = {
			isa = PBXGroup;
			children = (
				046F5AA71E2F693C007901EB /* avisynth_c.h */,
				046F5AA81E2F693C007901EB /* avxsynth_c.h */,
				046F5AA91E2F693C007901EB /* cl.h */,
				046F5AAA1E2F693C007901EB /* cl_platform.h */,
				046F5AAB1E2F693C007901EB /* getopt.c */,
				046F5AAC1E2F693C007901EB /* getopt.h */,
				046F5AAD1E2F693C007901EB /* intel_dispatcher.h */,
				046F5AAE1E2F693C007901EB /* inttypes.h */,
				046F5AAF1E2F693C007901EB /* stdint.h */,
			);
			path = extras;
			sourceTree = "<group>";
		};
		046F5AB01E2F693C007901EB /* filters */ = {
			isa = PBXGroup;
			children = (
				046F5AB11E2F693C007901EB /* filters.c */,
				046F5AB21E2F693C007901EB /* filters.h */,
				046F5AB41E2F693C007901EB /* video */,
			);
			path = filters;
			sourceTree = "<group>";
		};
		046F5AB41E2F693C007901EB /* video */ = {
			isa = PBXGroup;
			children = (
				046F5AB51E2F693C007901EB /* cache.c */,
				046F5AB61E2F693C007901EB /* cache.o */,
				046F5AB71E2F693C007901EB /* crop.c */,
				046F5AB81E2F693C007901EB /* crop.o */,
				046F5AB91E2F693C007901EB /* depth.c */,
				046F5ABA1E2F693C007901EB /* depth.o */,
				046F5ABB1E2F693C007901EB /* fix_vfr_pts.c */,
				046F5ABC1E2F693C007901EB /* fix_vfr_pts.o */,
				046F5ABD1E2F693C007901EB /* internal.c */,
				046F5ABE1E2F693C007901EB /* internal.h */,
				046F5ABF1E2F693C007901EB /* internal.o */,
				046F5AC01E2F693C007901EB /* resize.c */,
				046F5AC11E2F693C007901EB /* resize.o */,
				046F5AC21E2F693C007901EB /* select_every.c */,
				046F5AC31E2F693C007901EB /* select_every.o */,
				046F5AC41E2F693C007901EB /* source.c */,
				046F5AC51E2F693C007901EB /* source.o */,
				046F5AC61E2F693C007901EB /* video.c */,
				046F5AC71E2F693C007901EB /* video.h */,
				046F5AC81E2F693C007901EB /* video.o */,
			);
			path = video;
			sourceTree = "<group>";
		};
		046F5AC91E2F693C007901EB /* input */ = {
			isa = PBXGroup;
			children = (
				046F5ACA1E2F693C007901EB /* avs.c */,
				046F5ACC1E2F693C007901EB /* ffms.c */,
				046F5ACD1E2F693C007901EB /* input.c */,
				046F5ACE1E2F693C007901EB /* input.h */,
				046F5AD01E2F693C007901EB /* lavf.c */,
				046F5AD11E2F693C007901EB /* raw.c */,
				046F5AD31E2F693C007901EB /* thread.c */,
				046F5AD51E2F693C007901EB /* timecode.c */,
				046F5AD71E2F693C007901EB /* y4m.c */,
			);
			path = input;
			sourceTree = "<group>";
		};
		046F5ADB1E2F693C007901EB /* output */ = {
			isa = PBXGroup;
			children = (
				046F5ADC1E2F693C007901EB /* flv.c */,
				046F5ADE1E2F693C007901EB /* flv_bytestream.c */,
				046F5ADF1E2F693C007901EB /* flv_bytestream.h */,
				046F5AE11E2F693C007901EB /* matroska.c */,
				046F5AE31E2F693C007901EB /* matroska_ebml.c */,
				046F5AE41E2F693C007901EB /* matroska_ebml.h */,
				046F5AE61E2F693C007901EB /* mp4.c */,
				046F5AE71E2F693C007901EB /* mp4_lsmash.c */,
				046F5AE81E2F693C007901EB /* output.h */,
				046F5AE91E2F693C007901EB /* raw.c */,
			);
			path = output;
			sourceTree = "<group>";
		};
		046F5AEB1E2F693C007901EB /* tools */ = {
			isa = PBXGroup;
			children = (
				046F5AEC1E2F693C007901EB /* checkasm-a.asm */,
				046F5AED1E2F693C007901EB /* checkasm-aarch64.S */,
				046F5AEE1E2F693C007901EB /* checkasm-arm.S */,
				046F5AEF1E2F693C007901EB /* checkasm.c */,
				046F5AF01E2F693C007901EB /* cltostr.sh */,
				046F5AF11E2F693C007901EB /* countquant_x264.pl */,
				046F5AF21E2F693C007901EB /* digress */,
				046F5AFD1E2F693C007901EB /* gas-preprocessor.pl */,
				046F5AFE1E2F693C007901EB /* msvsdepend.sh */,
				046F5B001E2F693C007901EB /* test_x264.py */,
			);
			path = tools;
			sourceTree = "<group>";
		};
		046F5AF21E2F693C007901EB /* digress */ = {
			isa = PBXGroup;
			children = (
				046F5AF31E2F693C007901EB /* __init__.py */,
				046F5AF41E2F693C007901EB /* cli.py */,
				046F5AF51E2F693C007901EB /* comparers.py */,
				046F5AF61E2F693C007901EB /* constants.py */,
				046F5AF71E2F693C007901EB /* errors.py */,
				046F5AF81E2F693C007901EB /* scm */,
				046F5AFC1E2F693C007901EB /* testing.py */,
			);
			path = digress;
			sourceTree = "<group>";
		};
		046F5AF81E2F693C007901EB /* scm */ = {
			isa = PBXGroup;
			children = (
				046F5AF91E2F693C007901EB /* __init__.py */,
				046F5AFA1E2F693C007901EB /* dummy.py */,
				046F5AFB1E2F693C007901EB /* git.py */,
			);
			path = scm;
			sourceTree = "<group>";
		};
		AE5D8D931DBA7C6D0092D2A8 = {
			isa = PBXGroup;
			children = (
				AE5D8D9E1DBA7C6D0092D2A8 /* X264_Build */,
				046F59C81E2F6927007901EB /* x264 */,
				AE5D8D9D1DBA7C6D0092D2A8 /* Products */,
			);
			sourceTree = "<group>";
		};
		AE5D8D9D1DBA7C6D0092D2A8 /* Products */ = {
			isa = PBXGroup;
			children = (
				AE5D8D9C1DBA7C6D0092D2A8 /* X264_Build.app */,
				AE5D8DBA1DBA7C860092D2A8 /* libx264.a */,
			);
			name = Products;
			sourceTree = "<group>";
		};
		AE5D8D9E1DBA7C6D0092D2A8 /* X264_Build */ = {
			isa = PBXGroup;
			children = (
				AE5D8DA21DBA7C6D0092D2A8 /* AppDelegate.h */,
				AE5D8DA31DBA7C6D0092D2A8 /* AppDelegate.m */,
				AE5D8DA51DBA7C6D0092D2A8 /* ViewController.h */,
				AE5D8DA61DBA7C6D0092D2A8 /* ViewController.m */,
				AE5D8DA81DBA7C6D0092D2A8 /* Main.storyboard */,
				AE5D8DAB1DBA7C6D0092D2A8 /* Assets.xcassets */,
				AE5D8DAD1DBA7C6D0092D2A8 /* LaunchScreen.storyboard */,
				AE5D8DB01DBA7C6D0092D2A8 /* Info.plist */,
				AE5D8D9F1DBA7C6D0092D2A8 /* Supporting Files */,
			);
			path = X264_Build;
			sourceTree = "<group>";
		};
		AE5D8D9F1DBA7C6D0092D2A8 /* Supporting Files */ = {
			isa = PBXGroup;
			children = (
				AE5D8EBB1DBA7D720092D2A8 /* x264Config.xcconfig */,
				AE5D8EBC1DBA7D720092D2A8 /* PraseFile.sh */,
				AE5D8EBD1DBA7D720092D2A8 /* PraseProduct.rb */,
				AE5D8EBE1DBA7D720092D2A8 /* staticFile.txt */,
				AE5D8DA01DBA7C6D0092D2A8 /* main.m */,
			);
			name = "Supporting Files";
			sourceTree = "<group>";
		};
/* End PBXGroup section */

/* Begin PBXNativeTarget section */
		AE5D8D9B1DBA7C6D0092D2A8 /* X264_Build */ = {
			isa = PBXNativeTarget;
			buildConfigurationList = AE5D8DB31DBA7C6D0092D2A8 /* Build configuration list for PBXNativeTarget "X264_Build" */;
			buildPhases = (
				AE5D8D981DBA7C6D0092D2A8 /* Sources */,
				AE5D8D991DBA7C6D0092D2A8 /* Frameworks */,
				AE5D8D9A1DBA7C6D0092D2A8 /* Resources */,
			);
			buildRules = (
			);
			dependencies = (
			);
			name = X264_Build;
			productName = X264_Build;
			productReference = AE5D8D9C1DBA7C6D0092D2A8 /* X264_Build.app */;
			productType = "com.apple.product-type.application";
		};
		AE5D8DB91DBA7C860092D2A8 /* x264 */ = {
			isa = PBXNativeTarget;
			buildConfigurationList = AE5D8DC01DBA7C870092D2A8 /* Build configuration list for PBXNativeTarget "x264" */;
			buildPhases = (
				AE5D8DB61DBA7C860092D2A8 /* Sources */,
				AE5D8DB71DBA7C860092D2A8 /* Frameworks */,
				AE5D8DB81DBA7C860092D2A8 /* CopyFiles */,
				AE5D8EBA1DBA7D320092D2A8 /* ShellScript */,
				A937E6B97B4A3657C0EC6312 /* Resources */,
			);
			buildRules = (
			);
			dependencies = (
			);
			name = x264;
			productName = x264;
			productReference = AE5D8DBA1DBA7C860092D2A8 /* libx264.a */;
			productType = "com.apple.product-type.library.static";
		};
/* End PBXNativeTarget section */

/* Begin PBXProject section */
		AE5D8D941DBA7C6D0092D2A8 /* Project object */ = {
			isa = PBXProject;
			attributes = {
				LastUpgradeCheck = 0800;
				ORGANIZATIONNAME = "未成年大叔";
				TargetAttributes = {
					AE5D8D9B1DBA7C6D0092D2A8 = {
						CreatedOnToolsVersion = 8.0;
						ProvisioningStyle = Automatic;
					};
					AE5D8DB91DBA7C860092D2A8 = {
						CreatedOnToolsVersion = 8.0;
						ProvisioningStyle = Automatic;
					};
				};
			};
			buildConfigurationList = AE5D8D971DBA7C6D0092D2A8 /* Build configuration list for PBXProject "X264_Build" */;
			compatibilityVersion = "Xcode 3.2";
			developmentRegion = English;
			hasScannedForEncodings = 0;
			knownRegions = (
				en,
				Base,
			);
			mainGroup = AE5D8D931DBA7C6D0092D2A8;
			productRefGroup = AE5D8D9D1DBA7C6D0092D2A8 /* Products */;
			projectDirPath = "";
			projectRoot = "";
			targets = (
				AE5D8D9B1DBA7C6D0092D2A8 /* X264_Build */,
				AE5D8DB91DBA7C860092D2A8 /* x264 */,
			);
		};
/* End PBXProject section */

/* Begin PBXResourcesBuildPhase section */
		A937E6B97B4A3657C0EC6312 /* Resources */ = {
			isa = PBXResourcesBuildPhase;
			buildActionMask = 2147483647;
			files = (
			);
			runOnlyForDeploymentPostprocessing = 0;
		};
		AE5D8D9A1DBA7C6D0092D2A8 /* Resources */ = {
			isa = PBXResourcesBuildPhase;
			buildActionMask = 2147483647;
			files = (
				AE5D8DAF1DBA7C6D0092D2A8 /* LaunchScreen.storyboard in Resources */,
				AE5D8DAC1DBA7C6D0092D2A8 /* Assets.xcassets in Resources */,
				AE5D8DAA1DBA7C6D0092D2A8 /* Main.storyboard in Resources */,
			);
			runOnlyForDeploymentPostprocessing = 0;
		};
/* End PBXResourcesBuildPhase section */

/* Begin PBXShellScriptBuildPhase section */
		AE5D8EBA1DBA7D320092D2A8 /* ShellScript */ = {
			isa = PBXShellScriptBuildPhase;
			buildActionMask = 2147483647;
			files = (
			);
			inputPaths = (
			);
			outputPaths = (
			);
			runOnlyForDeploymentPostprocessing = 0;
			shellPath = /bin/sh;
			shellScript = "${PROJECT_DIR}/PraseFile.sh";
		};
/* End PBXShellScriptBuildPhase section */

/* Begin PBXSourcesBuildPhase section */
		AE5D8D981DBA7C6D0092D2A8 /* Sources */ = {
			isa = PBXSourcesBuildPhase;
			buildActionMask = 2147483647;
			files = (
				AE5D8DA71DBA7C6D0092D2A8 /* ViewController.m in Sources */,
				AE5D8DA41DBA7C6D0092D2A8 /* AppDelegate.m in Sources */,
				AE5D8DA11DBA7C6D0092D2A8 /* main.m in Sources */,
			);
			runOnlyForDeploymentPostprocessing = 0;
		};
		AE5D8DB61DBA7C860092D2A8 /* Sources */ = {
			isa = PBXSourcesBuildPhase;
			buildActionMask = 2147483647;
			files = (
				9D00572FB9DD1F9DDF6DCB6D /* mc.c in Sources */,
				9217401A3D1C5AB2976751CA /* predict.c in Sources */,
				64541870BA9119E006593183 /* pixel.c in Sources */,
				6E04878933A08CC951C0E154 /* macroblock.c in Sources */,
				6385B2BED5A84BC8A252E7C6 /* frame.c in Sources */,
				FF595B7E841EC200878E6511 /* dct.c in Sources */,
				131F26D0B95FB20CDC27EA35 /* cpu.c in Sources */,
				28702AF26A5804EFAC399ACB /* cabac.c in Sources */,
				A328B3871872EA8EB07A5A31 /* common.c in Sources */,
				82732E89DB2EDC6F12375D20 /* osdep.c in Sources */,
				1F3B53B59CAEDD29B724285B /* rectangle.c in Sources */,
				036405CB1DA67F6B77A48672 /* set.c in Sources */,
				5B038709E1674F83624D6483 /* quant.c in Sources */,
				91D329948E6CCE3FD3B2E26F /* deblock.c in Sources */,
				D45B5F2ADAF880BA6D9C14D8 /* vlc.c in Sources */,
				B494C7671BB093EF691230E4 /* mvpred.c in Sources */,
				C146AF75F461AF6B358C6051 /* bitstream.c in Sources */,
				639D51E48DA3F46ECC786E01 /* analyse.c in Sources */,
				912F93B1F9DCE91BAFFD7F03 /* me.c in Sources */,
				94D620F10892832410285A0C /* ratecontrol.c in Sources */,
				3DFA80BDF7D387C7F84434C4 /* cavlc.c in Sources */,
				433140673E418A3F5838CF1F /* encoder.c in Sources */,
				42225C0C4FF7A2678DB69C21 /* lookahead.c in Sources */,
				FACC8FC603DEC26A8FB07EF7 /* threadpool.c in Sources */,
				57BB5D714CD3101820EE2AD4 /* asm-offsets.c in Sources */,
				05DF1122F43E617A125F6765 /* mc-c.c in Sources */,
				CAB0CACB1BF62FD9F4838316 /* predict-c.c in Sources */,
				024762A2D1EB32307E331925 /* opencl.c in Sources */,
				BA92CADFC59175B293ECCB15 /* slicetype-cl.c in Sources */,
			);
			runOnlyForDeploymentPostprocessing = 0;
		};
/* End PBXSourcesBuildPhase section */

/* Begin PBXVariantGroup section */
		AE5D8DA81DBA7C6D0092D2A8 /* Main.storyboard */ = {
			isa = PBXVariantGroup;
			children = (
				AE5D8DA91DBA7C6D0092D2A8 /* Base */,
			);
			name = Main.storyboard;
			sourceTree = "<group>";
		};
		AE5D8DAD1DBA7C6D0092D2A8 /* LaunchScreen.storyboard */ = {
			isa = PBXVariantGroup;
			children = (
				AE5D8DAE1DBA7C6D0092D2A8 /* Base */,
			);
			name = LaunchScreen.storyboard;
			sourceTree = "<group>";
		};
/* End PBXVariantGroup section */

/* Begin XCBuildConfiguration section */
		AE5D8DB11DBA7C6D0092D2A8 /* Debug */ = {
			isa = XCBuildConfiguration;
			buildSettings = {
				ALWAYS_SEARCH_USER_PATHS = NO;
				CLANG_ANALYZER_NONNULL = YES;
				CLANG_CXX_LANGUAGE_STANDARD = "gnu++0x";
				CLANG_CXX_LIBRARY = "libc++";
				CLANG_ENABLE_MODULES = YES;
				CLANG_ENABLE_OBJC_ARC = YES;
				CLANG_WARN_BOOL_CONVERSION = YES;
				CLANG_WARN_CONSTANT_CONVERSION = YES;
				CLANG_WARN_DIRECT_OBJC_ISA_USAGE = YES_ERROR;
				CLANG_WARN_DOCUMENTATION_COMMENTS = YES;
				CLANG_WARN_EMPTY_BODY = YES;
				CLANG_WARN_ENUM_CONVERSION = YES;
				CLANG_WARN_INFINITE_RECURSION = YES;
				CLANG_WARN_INT_CONVERSION = YES;
				CLANG_WARN_OBJC_ROOT_CLASS = YES_ERROR;
				CLANG_WARN_SUSPICIOUS_MOVES = YES;
				CLANG_WARN_UNREACHABLE_CODE = YES;
				CLANG_WARN__DUPLICATE_METHOD_MATCH = YES;
				"CODE_SIGN_IDENTITY[sdk=iphoneos*]" = "iPhone Developer";
				COPY_PHASE_STRIP = NO;
				DEBUG_INFORMATION_FORMAT = dwarf;
				ENABLE_STRICT_OBJC_MSGSEND = YES;
				ENABLE_TESTABILITY = YES;
				GCC_C_LANGUAGE_STANDARD = gnu99;
				GCC_DYNAMIC_NO_PIC = NO;
				GCC_NO_COMMON_BLOCKS = YES;
				GCC_OPTIMIZATION_LEVEL = 0;
				GCC_PREPROCESSOR_DEFINITIONS = (
					"DEBUG=1",
					"$(inherited)",
				);
				GCC_WARN_64_TO_32_BIT_CONVERSION = YES;
				GCC_WARN_ABOUT_RETURN_TYPE = YES_ERROR;
				GCC_WARN_UNDECLARED_SELECTOR = YES;
				GCC_WARN_UNINITIALIZED_AUTOS = YES_AGGRESSIVE;
				GCC_WARN_UNUSED_FUNCTION = YES;
				GCC_WARN_UNUSED_VARIABLE = YES;
				IPHONEOS_DEPLOYMENT_TARGET = 10.0;
				MTL_ENABLE_DEBUG_INFO = YES;
				ONLY_ACTIVE_ARCH = YES;
				SDKROOT = iphoneos;
			};
			name = Debug;
		};
		AE5D8DB21DBA7C6D0092D2A8 /* Release */ = {
			isa = XCBuildConfiguration;
			buildSettings = {
				ALWAYS_SEARCH_USER_PATHS = NO;
				CLANG_ANALYZER_NONNULL = YES;
				CLANG_CXX_LANGUAGE_STANDARD = "gnu++0x";
				CLANG_CXX_LIBRARY = "libc++";
				CLANG_ENABLE_MODULES = YES;
				CLANG_ENABLE_OBJC_ARC = YES;
				CLANG_WARN_BOOL_CONVERSION = YES;
				CLANG_WARN_CONSTANT_CONVERSION = YES;
				CLANG_WARN_DIRECT_OBJC_ISA_USAGE = YES_ERROR;
				CLANG_WARN_DOCUMENTATION_COMMENTS = YES;
				CLANG_WARN_EMPTY_BODY = YES;
				CLANG_WARN_ENUM_CONVERSION = YES;
				CLANG_WARN_INFINITE_RECURSION = YES;
				CLANG_WARN_INT_CONVERSION = YES;
				CLANG_WARN_OBJC_ROOT_CLASS = YES_ERROR;
				CLANG_WARN_SUSPICIOUS_MOVES = YES;
				CLANG_WARN_UNREACHABLE_CODE = YES;
				CLANG_WARN__DUPLICATE_METHOD_MATCH = YES;
				"CODE_SIGN_IDENTITY[sdk=iphoneos*]" = "iPhone Developer";
				COPY_PHASE_STRIP = NO;
				DEBUG_INFORMATION_FORMAT = "dwarf-with-dsym";
				ENABLE_NS_ASSERTIONS = NO;
				ENABLE_STRICT_OBJC_MSGSEND = YES;
				GCC_C_LANGUAGE_STANDARD = gnu99;
				GCC_NO_COMMON_BLOCKS = YES;
				GCC_WARN_64_TO_32_BIT_CONVERSION = YES;
				GCC_WARN_ABOUT_RETURN_TYPE = YES_ERROR;
				GCC_WARN_UNDECLARED_SELECTOR = YES;
				GCC_WARN_UNINITIALIZED_AUTOS = YES_AGGRESSIVE;
				GCC_WARN_UNUSED_FUNCTION = YES;
				GCC_WARN_UNUSED_VARIABLE = YES;
				IPHONEOS_DEPLOYMENT_TARGET = 10.0;
				MTL_ENABLE_DEBUG_INFO = NO;
				SDKROOT = iphoneos;
				VALIDATE_PRODUCT = YES;
			};
			name = Release;
		};
		AE5D8DB41DBA7C6D0092D2A8 /* Debug */ = {
			isa = XCBuildConfiguration;
			buildSettings = {
				ASSETCATALOG_COMPILER_APPICON_NAME = AppIcon;
				INFOPLIST_FILE = X264_Build/Info.plist;
				LD_RUNPATH_SEARCH_PATHS = "$(inherited) @executable_path/Frameworks";
				PRODUCT_BUNDLE_IDENTIFIER = "EW.X264-Build";
				PRODUCT_NAME = "$(TARGET_NAME)";
			};
			name = Debug;
		};
		AE5D8DB51DBA7C6D0092D2A8 /* Release */ = {
			isa = XCBuildConfiguration;
			buildSettings = {
				ASSETCATALOG_COMPILER_APPICON_NAME = AppIcon;
				INFOPLIST_FILE = X264_Build/Info.plist;
				LD_RUNPATH_SEARCH_PATHS = "$(inherited) @executable_path/Frameworks";
				PRODUCT_BUNDLE_IDENTIFIER = "EW.X264-Build";
				PRODUCT_NAME = "$(TARGET_NAME)";
			};
			name = Release;
		};
		AE5D8DC11DBA7C870092D2A8 /* Debug */ = {
			isa = XCBuildConfiguration;
			buildSettings = {
				GCC_CW_ASM_SYNTAX = YES;
				GCC_PREPROCESSOR_DEFINITIONS = (
					"DEBUG=1",
					"$(inherited)",
					"${arch}=1",
				);
				HEADER_SEARCH_PATHS = "\"$(SRCROOT)/X264_Build/x264\"";
				OTHER_LDFLAGS = "-ObjC";
				PRODUCT_NAME = "$(TARGET_NAME)";
				SKIP_INSTALL = YES;
			};
			name = Debug;
		};
		AE5D8DC21DBA7C870092D2A8 /* Release */ = {
			isa = XCBuildConfiguration;
			buildSettings = {
				GCC_CW_ASM_SYNTAX = YES;
				HEADER_SEARCH_PATHS = "\"$(SRCROOT)/X264_Build/x264\"";
				OTHER_LDFLAGS = "-ObjC";
				PRODUCT_NAME = "$(TARGET_NAME)";
				SKIP_INSTALL = YES;
			};
			name = Release;
		};
/* End XCBuildConfiguration section */

/* Begin XCConfigurationList section */
		AE5D8D971DBA7C6D0092D2A8 /* Build configuration list for PBXProject "X264_Build" */ = {
			isa = XCConfigurationList;
			buildConfigurations = (
				AE5D8DB11DBA7C6D0092D2A8 /* Debug */,
				AE5D8DB21DBA7C6D0092D2A8 /* Release */,
			);
			defaultConfigurationIsVisible = 0;
			defaultConfigurationName = Release;
		};
		AE5D8DB31DBA7C6D0092D2A8 /* Build configuration list for PBXNativeTarget "X264_Build" */ = {
			isa = XCConfigurationList;
			buildConfigurations = (
				AE5D8DB41DBA7C6D0092D2A8 /* Debug */,
				AE5D8DB51DBA7C6D0092D2A8 /* Release */,
			);
			defaultConfigurationIsVisible = 0;
			defaultConfigurationName = Release;
		};
		AE5D8DC01DBA7C870092D2A8 /* Build configuration list for PBXNativeTarget "x264" */ = {
			isa = XCConfigurationList;
			buildConfigurations = (
				AE5D8DC11DBA7C870092D2A8 /* Debug */,
				AE5D8DC21DBA7C870092D2A8 /* Release */,
			);
			defaultConfigurationIsVisible = 0;
			defaultConfigurationName = Release;
		};
/* End XCConfigurationList section */
	};
	rootObject = AE5D8D941DBA7C6D0092D2A8 /* Project object */;
}
